// !$*UTF8*$!
{
	archiveVersion = 1;
	classes = {
	};
	objectVersion = 46;
	objects = {

/* Begin PBXBuildFile section */
		820575D51600BE54004B0AAA /* abc.enc in Resources */ = {isa = PBXBuildFile; fileRef = 820575D41600BE54004B0AAA /* abc.enc */; };
		8254B70615C919480080777A /* 38501302.ecp in Resources */ = {isa = PBXBuildFile; fileRef = 8254B70515C919480080777A /* 38501302.ecp */; };
		82D0B73915D4D5AC009E33D3 /* AudioToolbox.framework in Frameworks */ = {isa = PBXBuildFile; fileRef = 82D0B73815D4D5AC009E33D3 /* AudioToolbox.framework */; };
		82D30F8215DE6E65006D8293 /* abc.txt in Resources */ = {isa = PBXBuildFile; fileRef = 82D30F8115DE6E65006D8293 /* abc.txt */; };
		82E5E79315C6553600E97760 /* UIKit.framework in Frameworks */ = {isa = PBXBuildFile; fileRef = 82E5E79215C6553600E97760 /* UIKit.framework */; };
		82E5E79515C6553600E97760 /* Foundation.framework in Frameworks */ = {isa = PBXBuildFile; fileRef = 82E5E79415C6553600E97760 /* Foundation.framework */; };
		82E5E79715C6553600E97760 /* CoreGraphics.framework in Frameworks */ = {isa = PBXBuildFile; fileRef = 82E5E79615C6553600E97760 /* CoreGraphics.framework */; };
		82E5E79D15C6553700E97760 /* InfoPlist.strings in Resources */ = {isa = PBXBuildFile; fileRef = 82E5E79B15C6553700E97760 /* InfoPlist.strings */; };
		82E5E79F15C6553700E97760 /* main.m in Sources */ = {isa = PBXBuildFile; fileRef = 82E5E79E15C6553700E97760 /* main.m */; };
		82E5E7A315C6553700E97760 /* CoreLinkAppDelegate.m in Sources */ = {isa = PBXBuildFile; fileRef = 82E5E7A215C6553700E97760 /* CoreLinkAppDelegate.m */; };
		82E5E7A615C6553700E97760 /* CoreLinkViewController.m in Sources */ = {isa = PBXBuildFile; fileRef = 82E5E7A515C6553700E97760 /* CoreLinkViewController.m */; };
		82E5E7A915C6553700E97760 /* CoreLinkViewController_iPhone.xib in Resources */ = {isa = PBXBuildFile; fileRef = 82E5E7A715C6553700E97760 /* CoreLinkViewController_iPhone.xib */; };
		82E5E7AC15C6553700E97760 /* CoreLinkViewController_iPad.xib in Resources */ = {isa = PBXBuildFile; fileRef = 82E5E7AA15C6553700E97760 /* CoreLinkViewController_iPad.xib */; };
		82E5E7B315C6555800E97760 /* Security.framework in Frameworks */ = {isa = PBXBuildFile; fileRef = 82E5E7B215C6555800E97760 /* Security.framework */; };
/* End PBXBuildFile section */

/* Begin PBXFileReference section */
		820575D41600BE54004B0AAA /* abc.enc */ = {isa = PBXFileReference; fileEncoding = 4; lastKnownFileType = text; path = abc.enc; sourceTree = "<group>"; };
		8254B70515C919480080777A /* 38501302.ecp */ = {isa = PBXFileReference; lastKnownFileType = file; path = 38501302.ecp; sourceTree = "<group>"; };
		82D0B73815D4D5AC009E33D3 /* AudioToolbox.framework */ = {isa = PBXFileReference; lastKnownFileType = wrapper.framework; name = AudioToolbox.framework; path = System/Library/Frameworks/AudioToolbox.framework; sourceTree = SDKROOT; };
		82D30F8115DE6E65006D8293 /* abc.txt */ = {isa = PBXFileReference; fileEncoding = 4; lastKnownFileType = text; path = abc.txt; sourceTree = "<group>"; };
		82E5E78E15C6553600E97760 /* CoreLink.app */ = {isa = PBXFileReference; explicitFileType = wrapper.application; includeInIndex = 0; path = CoreLink.app; sourceTree = BUILT_PRODUCTS_DIR; };
		82E5E79215C6553600E97760 /* UIKit.framework */ = {isa = PBXFileReference; lastKnownFileType = wrapper.framework; name = UIKit.framework; path = System/Library/Frameworks/UIKit.framework; sourceTree = SDKROOT; };
		82E5E79415C6553600E97760 /* Foundation.framework */ = {isa = PBXFileReference; lastKnownFileType = wrapper.framework; name = Foundation.framework; path = System/Library/Frameworks/Foundation.framework; sourceTree = SDKROOT; };
		82E5E79615C6553600E97760 /* CoreGraphics.framework */ = {isa = PBXFileReference; lastKnownFileType = wrapper.framework; name = CoreGraphics.framework; path = System/Library/Frameworks/CoreGraphics.framework; sourceTree = SDKROOT; };
		82E5E79A15C6553700E97760 /* CoreLink-Info.plist */ = {isa = PBXFileReference; lastKnownFileType = text.plist.xml; path = "CoreLink-Info.plist"; sourceTree = "<group>"; };
		82E5E79C15C6553700E97760 /* en */ = {isa = PBXFileReference; lastKnownFileType = text.plist.strings; name = en; path = en.lproj/InfoPlist.strings; sourceTree = "<group>"; };
		82E5E79E15C6553700E97760 /* main.m */ = {isa = PBXFileReference; lastKnownFileType = sourcecode.c.objc; path = main.m; sourceTree = "<group>"; };
		82E5E7A015C6553700E97760 /* CoreLink-Prefix.pch */ = {isa = PBXFileReference; lastKnownFileType = sourcecode.c.h; path = "CoreLink-Prefix.pch"; sourceTree = "<group>"; };
		82E5E7A115C6553700E97760 /* CoreLinkAppDelegate.h */ = {isa = PBXFileReference; lastKnownFileType = sourcecode.c.h; path = CoreLinkAppDelegate.h; sourceTree = "<group>"; };
		82E5E7A215C6553700E97760 /* CoreLinkAppDelegate.m */ = {isa = PBXFileReference; lastKnownFileType = sourcecode.c.objc; path = CoreLinkAppDelegate.m; sourceTree = "<group>"; };
		82E5E7A415C6553700E97760 /* CoreLinkViewController.h */ = {isa = PBXFileReference; lastKnownFileType = sourcecode.c.h; path = CoreLinkViewController.h; sourceTree = "<group>"; };
		82E5E7A515C6553700E97760 /* CoreLinkViewController.m */ = {isa = PBXFileReference; lastKnownFileType = sourcecode.c.objc; path = CoreLinkViewController.m; sourceTree = "<group>"; };
		82E5E7A815C6553700E97760 /* en */ = {isa = PBXFileReference; lastKnownFileType = file.xib; name = en; path = en.lproj/CoreLinkViewController_iPhone.xib; sourceTree = "<group>"; };
		82E5E7AB15C6553700E97760 /* en */ = {isa = PBXFileReference; lastKnownFileType = file.xib; name = en; path = en.lproj/CoreLinkViewController_iPad.xib; sourceTree = "<group>"; };
		82E5E7B215C6555800E97760 /* Security.framework */ = {isa = PBXFileReference; lastKnownFileType = wrapper.framework; name = Security.framework; path = System/Library/Frameworks/Security.framework; sourceTree = SDKROOT; };
/* End PBXFileReference section */

/* Begin PBXFrameworksBuildPhase section */
		82E5E78B15C6553600E97760 /* Frameworks */ = {
			isa = PBXFrameworksBuildPhase;
			buildActionMask = 2147483647;
			files = (
				82D0B73915D4D5AC009E33D3 /* AudioToolbox.framework in Frameworks */,
				82E5E7B315C6555800E97760 /* Security.framework in Frameworks */,
				82E5E79315C6553600E97760 /* UIKit.framework in Frameworks */,
				82E5E79515C6553600E97760 /* Foundation.framework in Frameworks */,
				82E5E79715C6553600E97760 /* CoreGraphics.framework in Frameworks */,
			);
			runOnlyForDeploymentPostprocessing = 0;
		};
/* End PBXFrameworksBuildPhase section */

/* Begin PBXGroup section */
		82E5E78315C6553600E97760 = {
			isa = PBXGroup;
			children = (
				82E5E79815C6553600E97760 /* CoreLink */,
				82E5E79115C6553600E97760 /* Frameworks */,
				82E5E78F15C6553600E97760 /* Products */,
			);
			sourceTree = "<group>";
		};
		82E5E78F15C6553600E97760 /* Products */ = {
			isa = PBXGroup;
			children = (
				82E5E78E15C6553600E97760 /* CoreLink.app */,
			);
			name = Products;
			sourceTree = "<group>";
		};
		82E5E79115C6553600E97760 /* Frameworks */ = {
			isa = PBXGroup;
			children = (
				82D0B73815D4D5AC009E33D3 /* AudioToolbox.framework */,
				82E5E7B215C6555800E97760 /* Security.framework */,
				82E5E79215C6553600E97760 /* UIKit.framework */,
				82E5E79415C6553600E97760 /* Foundation.framework */,
				82E5E79615C6553600E97760 /* CoreGraphics.framework */,
			);
			name = Frameworks;
			sourceTree = "<group>";
		};
		82E5E79815C6553600E97760 /* CoreLink */ = {
			isa = PBXGroup;
			children = (
				820575D41600BE54004B0AAA /* abc.enc */,
				82D30F8115DE6E65006D8293 /* abc.txt */,
				8254B70515C919480080777A /* 38501302.ecp */,
				82E5E7A115C6553700E97760 /* CoreLinkAppDelegate.h */,
				82E5E7A215C6553700E97760 /* CoreLinkAppDelegate.m */,
				82E5E7A415C6553700E97760 /* CoreLinkViewController.h */,
				82E5E7A515C6553700E97760 /* CoreLinkViewController.m */,
				82E5E7A715C6553700E97760 /* CoreLinkViewController_iPhone.xib */,
				82E5E7AA15C6553700E97760 /* CoreLinkViewController_iPad.xib */,
				82E5E79915C6553700E97760 /* Supporting Files */,
			);
			path = CoreLink;
			sourceTree = "<group>";
		};
		82E5E79915C6553700E97760 /* Supporting Files */ = {
			isa = PBXGroup;
			children = (
				82E5E79A15C6553700E97760 /* CoreLink-Info.plist */,
				82E5E79B15C6553700E97760 /* InfoPlist.strings */,
				82E5E79E15C6553700E97760 /* main.m */,
				82E5E7A015C6553700E97760 /* CoreLink-Prefix.pch */,
			);
			name = "Supporting Files";
			sourceTree = "<group>";
		};
/* End PBXGroup section */

/* Begin PBXNativeTarget section */
		82E5E78D15C6553600E97760 /* CoreLink */ = {
			isa = PBXNativeTarget;
			buildConfigurationList = 82E5E7AF15C6553700E97760 /* Build configuration list for PBXNativeTarget "CoreLink" */;
			buildPhases = (
				82E5E78A15C6553600E97760 /* Sources */,
				82E5E78B15C6553600E97760 /* Frameworks */,
				82E5E78C15C6553600E97760 /* Resources */,
			);
			buildRules = (
			);
			dependencies = (
			);
			name = CoreLink;
			productName = CoreLink;
			productReference = 82E5E78E15C6553600E97760 /* CoreLink.app */;
			productType = "com.apple.product-type.application";
		};
/* End PBXNativeTarget section */

/* Begin PBXProject section */
		82E5E78515C6553600E97760 /* Project object */ = {
			isa = PBXProject;
			attributes = {
				LastUpgradeCheck = 0420;
			};
			buildConfigurationList = 82E5E78815C6553600E97760 /* Build configuration list for PBXProject "CoreLink" */;
			compatibilityVersion = "Xcode 3.2";
			developmentRegion = English;
			hasScannedForEncodings = 0;
			knownRegions = (
				en,
				English,
			);
			mainGroup = 82E5E78315C6553600E97760;
			productRefGroup = 82E5E78F15C6553600E97760 /* Products */;
			projectDirPath = "";
			projectRoot = "";
			targets = (
				82E5E78D15C6553600E97760 /* CoreLink */,
			);
		};
/* End PBXProject section */

/* Begin PBXResourcesBuildPhase section */
		82E5E78C15C6553600E97760 /* Resources */ = {
			isa = PBXResourcesBuildPhase;
			buildActionMask = 2147483647;
			files = (
				82E5E79D15C6553700E97760 /* InfoPlist.strings in Resources */,
				82E5E7A915C6553700E97760 /* CoreLinkViewController_iPhone.xib in Resources */,
				82E5E7AC15C6553700E97760 /* CoreLinkViewController_iPad.xib in Resources */,
				8254B70615C919480080777A /* 38501302.ecp in Resources */,
				82D30F8215DE6E65006D8293 /* abc.txt in Resources */,
				820575D51600BE54004B0AAA /* abc.enc in Resources */,
			);
			runOnlyForDeploymentPostprocessing = 0;
		};
/* End PBXResourcesBuildPhase section */

/* Begin PBXSourcesBuildPhase section */
		82E5E78A15C6553600E97760 /* Sources */ = {
			isa = PBXSourcesBuildPhase;
			buildActionMask = 2147483647;
			files = (
				82E5E79F15C6553700E97760 /* main.m in Sources */,
				82E5E7A315C6553700E97760 /* CoreLinkAppDelegate.m in Sources */,
				82E5E7A615C6553700E97760 /* CoreLinkViewController.m in Sources */,
			);
			runOnlyForDeploymentPostprocessing = 0;
		};
/* End PBXSourcesBuildPhase section */

/* Begin PBXVariantGroup section */
		82E5E79B15C6553700E97760 /* InfoPlist.strings */ = {
			isa = PBXVariantGroup;
			children = (
				82E5E79C15C6553700E97760 /* en */,
			);
			name = InfoPlist.strings;
			sourceTree = "<group>";
		};
		82E5E7A715C6553700E97760 /* CoreLinkViewController_iPhone.xib */ = {
			isa = PBXVariantGroup;
			children = (
				82E5E7A815C6553700E97760 /* en */,
			);
			name = CoreLinkViewController_iPhone.xib;
			sourceTree = "<group>";
		};
		82E5E7AA15C6553700E97760 /* CoreLinkViewController_iPad.xib */ = {
			isa = PBXVariantGroup;
			children = (
				82E5E7AB15C6553700E97760 /* en */,
			);
			name = CoreLinkViewController_iPad.xib;
			sourceTree = "<group>";
		};
/* End PBXVariantGroup section */

/* Begin XCBuildConfiguration section */
		82E5E7AD15C6553700E97760 /* Debug */ = {
			isa = XCBuildConfiguration;
			buildSettings = {
				ALWAYS_SEARCH_USER_PATHS = YES;
				ARCHS = "$(ARCHS_STANDARD_32_BIT)";
				CLANG_ENABLE_OBJC_ARC = YES;
				CODE_SIGN_IDENTITY = "iPhone Developer";
				"CODE_SIGN_IDENTITY[sdk=iphoneos*]" = "iPhone Developer";
				COPY_PHASE_STRIP = NO;
				GCC_C_LANGUAGE_STANDARD = gnu99;
				GCC_DYNAMIC_NO_PIC = NO;
				GCC_OPTIMIZATION_LEVEL = 0;
				GCC_PREPROCESSOR_DEFINITIONS = (
					"DEBUG=1",
					"$(inherited)",
				);
				GCC_SYMBOLS_PRIVATE_EXTERN = NO;
				GCC_VERSION = com.apple.compilers.llvm.clang.1_0;
				GCC_WARN_ABOUT_MISSING_PROTOTYPES = YES;
				GCC_WARN_ABOUT_RETURN_TYPE = YES;
				GCC_WARN_UNUSED_VARIABLE = YES;
				IPHONEOS_DEPLOYMENT_TARGET = 5.0;
				PROVISIONING_PROFILE = "";
				SDKROOT = iphoneos;
				TARGETED_DEVICE_FAMILY = "1,2";
			};
			name = Debug;
		};
		82E5E7AE15C6553700E97760 /* Release */ = {
			isa = XCBuildConfiguration;
			buildSettings = {
				ALWAYS_SEARCH_USER_PATHS = YES;
				ARCHS = "$(ARCHS_STANDARD_32_BIT)";
				CLANG_ENABLE_OBJC_ARC = YES;
				CODE_SIGN_IDENTITY = "iPhone Developer";
				"CODE_SIGN_IDENTITY[sdk=iphoneos*]" = "iPhone Developer";
				COPY_PHASE_STRIP = YES;
				GCC_C_LANGUAGE_STANDARD = gnu99;
				GCC_VERSION = com.apple.compilers.llvm.clang.1_0;
				GCC_WARN_ABOUT_MISSING_PROTOTYPES = YES;
				GCC_WARN_ABOUT_RETURN_TYPE = YES;
				GCC_WARN_UNUSED_VARIABLE = YES;
				IPHONEOS_DEPLOYMENT_TARGET = 5.0;
				OTHER_CFLAGS = "-DNS_BLOCK_ASSERTIONS=1";
				PROVISIONING_PROFILE = "";
				SDKROOT = iphoneos;
				TARGETED_DEVICE_FAMILY = "1,2";
				VALIDATE_PRODUCT = YES;
			};
			name = Release;
		};
		82E5E7B015C6553700E97760 /* Debug */ = {
			isa = XCBuildConfiguration;
			buildSettings = {
				ALWAYS_SEARCH_USER_PATHS = NO;
				CODE_SIGN_IDENTITY = "iPhone Developer: Vinit Kumar (2QS2AV9PDV)";
				"CODE_SIGN_IDENTITY[sdk=iphoneos*]" = "iPhone Developer: Vinit Kumar (2QS2AV9PDV)";
				GCC_PRECOMPILE_PREFIX_HEADER = YES;
				GCC_PREFIX_HEADER = "CoreLink/CoreLink-Prefix.pch";
				HEADER_SEARCH_PATHS = "$(SRCROOT)/CSource/**";
				INFOPLIST_FILE = "CoreLink/CoreLink-Info.plist";
				LIBRARY_SEARCH_PATHS = (
					"$(inherited)",
					"\"$(SRCROOT)/CSource/libspeex/.libs\"",
					"\"$(SRCROOT)/CSource/Speex/libspeex/.libs\"",
					"\"$(SRCROOT)/Csource/libspeex/.libs\"",
				);
				PRODUCT_NAME = "$(TARGET_NAME)";
				PROVISIONING_PROFILE = "340465B3-6013-47E9-8287-815A13B60FB9";
				"PROVISIONING_PROFILE[sdk=iphoneos*]" = "340465B3-6013-47E9-8287-815A13B60FB9";
				WRAPPER_EXTENSION = app;
			};
			name = Debug;
		};
		82E5E7B115C6553700E97760 /* Release */ = {
			isa = XCBuildConfiguration;
			buildSettings = {
				ALWAYS_SEARCH_USER_PATHS = NO;
				CODE_SIGN_IDENTITY = "iPhone Developer: Vinit Kumar (2QS2AV9PDV)";
				GCC_PRECOMPILE_PREFIX_HEADER = YES;
				GCC_PREFIX_HEADER = "CoreLink/CoreLink-Prefix.pch";
				HEADER_SEARCH_PATHS = "$(SRCROOT)/CSource/**";
				INFOPLIST_FILE = "CoreLink/CoreLink-Info.plist";
				LIBRARY_SEARCH_PATHS = (
					"$(inherited)",
					"\"$(SRCROOT)/CSource/libspeex/.libs\"",
					"\"$(SRCROOT)/CSource/Speex/libspeex/.libs\"",
					"\"$(SRCROOT)/Csource/libspeex/.libs\"",
				);
				PRODUCT_NAME = "$(TARGET_NAME)";
				PROVISIONING_PROFILE = "340465B3-6013-47E9-8287-815A13B60FB9";
				WRAPPER_EXTENSION = app;
			};
			name = Release;
		};
/* End XCBuildConfiguration section */

/* Begin XCConfigurationList section */
		82E5E78815C6553600E97760 /* Build configuration list for PBXProject "CoreLink" */ = {
			isa = XCConfigurationList;
			buildConfigurations = (
				82E5E7AD15C6553700E97760 /* Debug */,
				82E5E7AE15C6553700E97760 /* Release */,
			);
			defaultConfigurationIsVisible = 0;
			defaultConfigurationName = Release;
		};
		82E5E7AF15C6553700E97760 /* Build configuration list for PBXNativeTarget "CoreLink" */ = {
			isa = XCConfigurationList;
			buildConfigurations = (
				82E5E7B015C6553700E97760 /* Debug */,
				82E5E7B115C6553700E97760 /* Release */,
			);
			defaultConfigurationIsVisible = 0;
			defaultConfigurationName = Release;
		};
/* End XCConfigurationList section */
	};
	rootObject = 82E5E78515C6553600E97760 /* Project object */;
}
