// !$*UTF8*$!
{
	archiveVersion = 1;
	classes = {
	};
	objectVersion = 46;
	objects = {

/* Begin PBXBuildFile section */
		8A0266F41619B79600E5D7F7 /* ResponseParser.m in Sources */ = {isa = PBXBuildFile; fileRef = 8A0266F31619B79600E5D7F7 /* ResponseParser.m */; };
		8A09C81D163D23D800D80629 /* AudioRecorderUtils.m in Sources */ = {isa = PBXBuildFile; fileRef = 8A09C81C163D23D800D80629 /* AudioRecorderUtils.m */; };
		8A1237AC16A008D400EAC6DA /* Default-568h@2x.png in Resources */ = {isa = PBXBuildFile; fileRef = 8A1237AB16A008D400EAC6DA /* Default-568h@2x.png */; };
		8A12E21C160C4D7100100DA7 /* LoginResponseParser.m in Sources */ = {isa = PBXBuildFile; fileRef = 8A12E21B160C4D7100100DA7 /* LoginResponseParser.m */; };
		8A154B4D161EA59500204AA1 /* RequestHandler.m in Sources */ = {isa = PBXBuildFile; fileRef = 8A154B4C161EA59500204AA1 /* RequestHandler.m */; };
		8A154B51161ECD9C00204AA1 /* ContentAction.m in Sources */ = {isa = PBXBuildFile; fileRef = 8A154B50161ECD9C00204AA1 /* ContentAction.m */; };
		8A2A9057163E9AB600E392B5 /* MusicPlayerUtil.m in Sources */ = {isa = PBXBuildFile; fileRef = 8A2A9056163E9AB600E392B5 /* MusicPlayerUtil.m */; };
		8A3497EB16DB681500BD10DF /* Object Bank in Resources */ = {isa = PBXBuildFile; fileRef = 8A3497EA16DB681500BD10DF /* Object Bank */; };
		8A4B9B5716885E9F008F4B0D /* properties.txt in Resources */ = {isa = PBXBuildFile; fileRef = 8A4B9B5616885E9F008F4B0D /* properties.txt */; };
		8A55532C164530B000DF0DB3 /* dummy.html in Resources */ = {isa = PBXBuildFile; fileRef = 8A55532B164530B000DF0DB3 /* dummy.html */; };
		8A7D17B616BBDFF2001CE0DF /* MHE_white_72x72.png in Resources */ = {isa = PBXBuildFile; fileRef = 8A7D17B516BBDFF2001CE0DF /* MHE_white_72x72.png */; };
		8A7D17B816BBDFFD001CE0DF /* MHE_white_144x144.png in Resources */ = {isa = PBXBuildFile; fileRef = 8A7D17B716BBDFFD001CE0DF /* MHE_white_144x144.png */; };
		8AA4ACE415F8DED80006019C /* Foundation.framework in Frameworks */ = {isa = PBXBuildFile; fileRef = 8AA4ACE315F8DED80006019C /* Foundation.framework */; };
		8AA4ACE615F8DED80006019C /* UIKit.framework in Frameworks */ = {isa = PBXBuildFile; fileRef = 8AA4ACE515F8DED80006019C /* UIKit.framework */; };
		8AA4ACE815F8DED80006019C /* CoreGraphics.framework in Frameworks */ = {isa = PBXBuildFile; fileRef = 8AA4ACE715F8DED80006019C /* CoreGraphics.framework */; };
		8AA4ACEA15F8DED80006019C /* AddressBook.framework in Frameworks */ = {isa = PBXBuildFile; fileRef = 8AA4ACE915F8DED80006019C /* AddressBook.framework */; };
		8AA4ACEC15F8DED80006019C /* AddressBookUI.framework in Frameworks */ = {isa = PBXBuildFile; fileRef = 8AA4ACEB15F8DED80006019C /* AddressBookUI.framework */; };
		8AA4ACEE15F8DED80006019C /* AudioToolbox.framework in Frameworks */ = {isa = PBXBuildFile; fileRef = 8AA4ACED15F8DED80006019C /* AudioToolbox.framework */; };
		8AA4ACF015F8DED80006019C /* AVFoundation.framework in Frameworks */ = {isa = PBXBuildFile; fileRef = 8AA4ACEF15F8DED80006019C /* AVFoundation.framework */; };
		8AA4ACF215F8DED80006019C /* CoreLocation.framework in Frameworks */ = {isa = PBXBuildFile; fileRef = 8AA4ACF115F8DED80006019C /* CoreLocation.framework */; };
		8AA4ACF415F8DED80006019C /* MediaPlayer.framework in Frameworks */ = {isa = PBXBuildFile; fileRef = 8AA4ACF315F8DED80006019C /* MediaPlayer.framework */; };
		8AA4ACF615F8DED80006019C /* QuartzCore.framework in Frameworks */ = {isa = PBXBuildFile; fileRef = 8AA4ACF515F8DED80006019C /* QuartzCore.framework */; };
		8AA4ACF815F8DED80006019C /* SystemConfiguration.framework in Frameworks */ = {isa = PBXBuildFile; fileRef = 8AA4ACF715F8DED80006019C /* SystemConfiguration.framework */; };
		8AA4ACFA15F8DED80006019C /* MobileCoreServices.framework in Frameworks */ = {isa = PBXBuildFile; fileRef = 8AA4ACF915F8DED80006019C /* MobileCoreServices.framework */; };
		8AA4ACFC15F8DED80006019C /* CoreMedia.framework in Frameworks */ = {isa = PBXBuildFile; fileRef = 8AA4ACFB15F8DED80006019C /* CoreMedia.framework */; };
		8AA4AD0215F8DED80006019C /* InfoPlist.strings in Resources */ = {isa = PBXBuildFile; fileRef = 8AA4AD0015F8DED80006019C /* InfoPlist.strings */; };
		8AA4AD0415F8DED80006019C /* main.m in Sources */ = {isa = PBXBuildFile; fileRef = 8AA4AD0315F8DED80006019C /* main.m */; };
		8AA4AD0715F8DED80006019C /* Cordova.framework in Frameworks */ = {isa = PBXBuildFile; fileRef = 8AA4AD0615F8DED80006019C /* Cordova.framework */; };
		8AA4AD0C15F8DED80006019C /* Localizable.strings in Resources */ = {isa = PBXBuildFile; fileRef = 8AA4AD0A15F8DED80006019C /* Localizable.strings */; };
		8AA4AD1B15F8DED80006019C /* icon.png in Resources */ = {isa = PBXBuildFile; fileRef = 8AA4AD1A15F8DED80006019C /* icon.png */; };
		8AA4AD1D15F8DED80006019C /* icon@2x.png in Resources */ = {isa = PBXBuildFile; fileRef = 8AA4AD1C15F8DED80006019C /* icon@2x.png */; };
		8AA4AD1F15F8DED80006019C /* icon-72.png in Resources */ = {isa = PBXBuildFile; fileRef = 8AA4AD1E15F8DED80006019C /* icon-72.png */; };
		8AA4AD2615F8DED90006019C /* Capture.bundle in Resources */ = {isa = PBXBuildFile; fileRef = 8AA4AD2515F8DED90006019C /* Capture.bundle */; };
		8AA4AD2815F8DED90006019C /* Cordova.plist in Resources */ = {isa = PBXBuildFile; fileRef = 8AA4AD2715F8DED90006019C /* Cordova.plist */; };
		8AA4AD2C15F8DED90006019C /* AppDelegate.m in Sources */ = {isa = PBXBuildFile; fileRef = 8AA4AD2B15F8DED90006019C /* AppDelegate.m */; };
		8AA4AD2F15F8DED90006019C /* MainViewController.m in Sources */ = {isa = PBXBuildFile; fileRef = 8AA4AD2E15F8DED90006019C /* MainViewController.m */; };
		8AA4AD3115F8DED90006019C /* MainViewController.xib in Resources */ = {isa = PBXBuildFile; fileRef = 8AA4AD3015F8DED90006019C /* MainViewController.xib */; };
		8AA4AD3B15F8DF100006019C /* www in Resources */ = {isa = PBXBuildFile; fileRef = 8AA4AD3A15F8DF100006019C /* www */; };
		8AA4AD4015F8DF800006019C /* DelegatePlugin.m in Sources */ = {isa = PBXBuildFile; fileRef = 8AA4AD3D15F8DF800006019C /* DelegatePlugin.m */; };
		8ABD2B61160B0EB4008E28EC /* ContentXMLParserDelegate.m in Sources */ = {isa = PBXBuildFile; fileRef = 8ABD2B51160B0EB4008E28EC /* ContentXMLParserDelegate.m */; };
		8ABD2B62160B0EB4008E28EC /* ioapi.c in Sources */ = {isa = PBXBuildFile; fileRef = 8ABD2B54160B0EB4008E28EC /* ioapi.c */; };
		8ABD2B63160B0EB4008E28EC /* mztools.c in Sources */ = {isa = PBXBuildFile; fileRef = 8ABD2B56160B0EB4008E28EC /* mztools.c */; };
		8ABD2B64160B0EB4008E28EC /* unzip.c in Sources */ = {isa = PBXBuildFile; fileRef = 8ABD2B58160B0EB4008E28EC /* unzip.c */; };
		8ABD2B65160B0EB4008E28EC /* zip.c in Sources */ = {isa = PBXBuildFile; fileRef = 8ABD2B5A160B0EB4008E28EC /* zip.c */; };
		8ABD2B66160B0EB4008E28EC /* RequestParser.m in Sources */ = {isa = PBXBuildFile; fileRef = 8ABD2B5D160B0EB4008E28EC /* RequestParser.m */; };
		8ABD2B67160B0EB4008E28EC /* ZipArchive.mm in Sources */ = {isa = PBXBuildFile; fileRef = 8ABD2B5F160B0EB4008E28EC /* ZipArchive.mm */; settings = {COMPILER_FLAGS = "-fno-objc-arc"; }; };
		8ABD2B74160B104D008E28EC /* libz.1.2.5.dylib in Frameworks */ = {isa = PBXBuildFile; fileRef = 8ABD2B73160B104D008E28EC /* libz.1.2.5.dylib */; };
		8AF4A7B216101EB500761489 /* PersistenceAction.m in Sources */ = {isa = PBXBuildFile; fileRef = 8AF4A7B116101EB500761489 /* PersistenceAction.m */; };
		8AF4A7B6161057D300761489 /* TTSUtil.m in Sources */ = {isa = PBXBuildFile; fileRef = 8AF4A7B5161057D300761489 /* TTSUtil.m */; };
/* End PBXBuildFile section */

/* Begin PBXFileReference section */
		8A0266F21619B79600E5D7F7 /* ResponseParser.h */ = {isa = PBXFileReference; fileEncoding = 4; lastKnownFileType = sourcecode.c.h; path = ResponseParser.h; sourceTree = "<group>"; };
		8A0266F31619B79600E5D7F7 /* ResponseParser.m */ = {isa = PBXFileReference; fileEncoding = 4; lastKnownFileType = sourcecode.c.objc; path = ResponseParser.m; sourceTree = "<group>"; };
		8A09C81B163D23D800D80629 /* AudioRecorderUtils.h */ = {isa = PBXFileReference; fileEncoding = 4; lastKnownFileType = sourcecode.c.h; path = AudioRecorderUtils.h; sourceTree = "<group>"; };
		8A09C81C163D23D800D80629 /* AudioRecorderUtils.m */ = {isa = PBXFileReference; fileEncoding = 4; lastKnownFileType = sourcecode.c.objc; path = AudioRecorderUtils.m; sourceTree = "<group>"; };
		8A1237AB16A008D400EAC6DA /* Default-568h@2x.png */ = {isa = PBXFileReference; lastKnownFileType = image.png; path = "Default-568h@2x.png"; sourceTree = "<group>"; };
		8A12E21A160C4D7100100DA7 /* LoginResponseParser.h */ = {isa = PBXFileReference; fileEncoding = 4; lastKnownFileType = sourcecode.c.h; path = LoginResponseParser.h; sourceTree = "<group>"; };
		8A12E21B160C4D7100100DA7 /* LoginResponseParser.m */ = {isa = PBXFileReference; fileEncoding = 4; lastKnownFileType = sourcecode.c.objc; path = LoginResponseParser.m; sourceTree = "<group>"; };
		8A154B4B161EA59500204AA1 /* RequestHandler.h */ = {isa = PBXFileReference; fileEncoding = 4; lastKnownFileType = sourcecode.c.h; path = RequestHandler.h; sourceTree = "<group>"; };
		8A154B4C161EA59500204AA1 /* RequestHandler.m */ = {isa = PBXFileReference; fileEncoding = 4; lastKnownFileType = sourcecode.c.objc; path = RequestHandler.m; sourceTree = "<group>"; };
		8A154B4F161ECD9C00204AA1 /* ContentAction.h */ = {isa = PBXFileReference; fileEncoding = 4; lastKnownFileType = sourcecode.c.h; path = ContentAction.h; sourceTree = "<group>"; };
		8A154B50161ECD9C00204AA1 /* ContentAction.m */ = {isa = PBXFileReference; fileEncoding = 4; lastKnownFileType = sourcecode.c.objc; path = ContentAction.m; sourceTree = "<group>"; };
		8A2A9055163E9AB600E392B5 /* MusicPlayerUtil.h */ = {isa = PBXFileReference; fileEncoding = 4; lastKnownFileType = sourcecode.c.h; path = MusicPlayerUtil.h; sourceTree = "<group>"; };
		8A2A9056163E9AB600E392B5 /* MusicPlayerUtil.m */ = {isa = PBXFileReference; fileEncoding = 4; lastKnownFileType = sourcecode.c.objc; path = MusicPlayerUtil.m; sourceTree = "<group>"; };
		8A3497EA16DB681500BD10DF /* Object Bank */ = {isa = PBXFileReference; lastKnownFileType = folder; name = "Object Bank"; path = "Resources/Object Bank"; sourceTree = "<group>"; };
		8A4B9B5616885E9F008F4B0D /* properties.txt */ = {isa = PBXFileReference; fileEncoding = 4; lastKnownFileType = text; path = properties.txt; sourceTree = "<group>"; };
		8A55532B164530B000DF0DB3 /* dummy.html */ = {isa = PBXFileReference; fileEncoding = 4; lastKnownFileType = text.html; name = dummy.html; path = www/dummy.html; sourceTree = "<group>"; };
		8A7D17B516BBDFF2001CE0DF /* MHE_white_72x72.png */ = {isa = PBXFileReference; lastKnownFileType = image.png; path = MHE_white_72x72.png; sourceTree = "<group>"; };
		8A7D17B716BBDFFD001CE0DF /* MHE_white_144x144.png */ = {isa = PBXFileReference; lastKnownFileType = image.png; path = MHE_white_144x144.png; sourceTree = "<group>"; };
		8AA4ACDF15F8DED80006019C /* OAS IN.app */ = {isa = PBXFileReference; explicitFileType = wrapper.application; includeInIndex = 0; path = "OAS IN.app"; sourceTree = BUILT_PRODUCTS_DIR; };
		8AA4ACE315F8DED80006019C /* Foundation.framework */ = {isa = PBXFileReference; lastKnownFileType = wrapper.framework; name = Foundation.framework; path = System/Library/Frameworks/Foundation.framework; sourceTree = SDKROOT; };
		8AA4ACE515F8DED80006019C /* UIKit.framework */ = {isa = PBXFileReference; lastKnownFileType = wrapper.framework; name = UIKit.framework; path = System/Library/Frameworks/UIKit.framework; sourceTree = SDKROOT; };
		8AA4ACE715F8DED80006019C /* CoreGraphics.framework */ = {isa = PBXFileReference; lastKnownFileType = wrapper.framework; name = CoreGraphics.framework; path = System/Library/Frameworks/CoreGraphics.framework; sourceTree = SDKROOT; };
		8AA4ACE915F8DED80006019C /* AddressBook.framework */ = {isa = PBXFileReference; lastKnownFileType = wrapper.framework; name = AddressBook.framework; path = System/Library/Frameworks/AddressBook.framework; sourceTree = SDKROOT; };
		8AA4ACEB15F8DED80006019C /* AddressBookUI.framework */ = {isa = PBXFileReference; lastKnownFileType = wrapper.framework; name = AddressBookUI.framework; path = System/Library/Frameworks/AddressBookUI.framework; sourceTree = SDKROOT; };
		8AA4ACED15F8DED80006019C /* AudioToolbox.framework */ = {isa = PBXFileReference; lastKnownFileType = wrapper.framework; name = AudioToolbox.framework; path = System/Library/Frameworks/AudioToolbox.framework; sourceTree = SDKROOT; };
		8AA4ACEF15F8DED80006019C /* AVFoundation.framework */ = {isa = PBXFileReference; lastKnownFileType = wrapper.framework; name = AVFoundation.framework; path = System/Library/Frameworks/AVFoundation.framework; sourceTree = SDKROOT; };
		8AA4ACF115F8DED80006019C /* CoreLocation.framework */ = {isa = PBXFileReference; lastKnownFileType = wrapper.framework; name = CoreLocation.framework; path = System/Library/Frameworks/CoreLocation.framework; sourceTree = SDKROOT; };
		8AA4ACF315F8DED80006019C /* MediaPlayer.framework */ = {isa = PBXFileReference; lastKnownFileType = wrapper.framework; name = MediaPlayer.framework; path = System/Library/Frameworks/MediaPlayer.framework; sourceTree = SDKROOT; };
		8AA4ACF515F8DED80006019C /* QuartzCore.framework */ = {isa = PBXFileReference; lastKnownFileType = wrapper.framework; name = QuartzCore.framework; path = System/Library/Frameworks/QuartzCore.framework; sourceTree = SDKROOT; };
		8AA4ACF715F8DED80006019C /* SystemConfiguration.framework */ = {isa = PBXFileReference; lastKnownFileType = wrapper.framework; name = SystemConfiguration.framework; path = System/Library/Frameworks/SystemConfiguration.framework; sourceTree = SDKROOT; };
		8AA4ACF915F8DED80006019C /* MobileCoreServices.framework */ = {isa = PBXFileReference; lastKnownFileType = wrapper.framework; name = MobileCoreServices.framework; path = System/Library/Frameworks/MobileCoreServices.framework; sourceTree = SDKROOT; };
		8AA4ACFB15F8DED80006019C /* CoreMedia.framework */ = {isa = PBXFileReference; lastKnownFileType = wrapper.framework; name = CoreMedia.framework; path = System/Library/Frameworks/CoreMedia.framework; sourceTree = SDKROOT; };
		8AA4ACFF15F8DED80006019C /* OAS IPAD-Info.plist */ = {isa = PBXFileReference; lastKnownFileType = text.plist.xml; path = "OAS IPAD-Info.plist"; sourceTree = "<group>"; };
		8AA4AD0115F8DED80006019C /* en */ = {isa = PBXFileReference; lastKnownFileType = text.plist.strings; name = en; path = en.lproj/InfoPlist.strings; sourceTree = "<group>"; };
		8AA4AD0315F8DED80006019C /* main.m */ = {isa = PBXFileReference; lastKnownFileType = sourcecode.c.objc; path = main.m; sourceTree = "<group>"; };
		8AA4AD0515F8DED80006019C /* OAS IPAD-Prefix.pch */ = {isa = PBXFileReference; lastKnownFileType = sourcecode.c.h; path = "OAS IPAD-Prefix.pch"; sourceTree = "<group>"; };
		8AA4AD0615F8DED80006019C /* Cordova.framework */ = {isa = PBXFileReference; lastKnownFileType = wrapper.framework; name = Cordova.framework; path = /Users/Shared/Cordova/Frameworks/Cordova.framework; sourceTree = "<absolute>"; };
		8AA4AD0B15F8DED80006019C /* en */ = {isa = PBXFileReference; lastKnownFileType = text.plist.strings; name = en; path = Resources/en.lproj/Localizable.strings; sourceTree = "<group>"; };
		8AA4AD0F15F8DED80006019C /* es */ = {isa = PBXFileReference; lastKnownFileType = text.plist.strings; name = es; path = Resources/es.lproj/Localizable.strings; sourceTree = "<group>"; };
		8AA4AD1315F8DED80006019C /* de */ = {isa = PBXFileReference; lastKnownFileType = text.plist.strings; name = de; path = Resources/de.lproj/Localizable.strings; sourceTree = "<group>"; };
		8AA4AD1715F8DED80006019C /* se */ = {isa = PBXFileReference; lastKnownFileType = text.plist.strings; name = se; path = Resources/se.lproj/Localizable.strings; sourceTree = "<group>"; };
		8AA4AD1A15F8DED80006019C /* icon.png */ = {isa = PBXFileReference; lastKnownFileType = image.png; name = icon.png; path = Resources/icons/icon.png; sourceTree = "<group>"; };
		8AA4AD1C15F8DED80006019C /* icon@2x.png */ = {isa = PBXFileReference; lastKnownFileType = image.png; name = "icon@2x.png"; path = "Resources/icons/icon@2x.png"; sourceTree = "<group>"; };
		8AA4AD1E15F8DED80006019C /* icon-72.png */ = {isa = PBXFileReference; lastKnownFileType = image.png; name = "icon-72.png"; path = "Resources/icons/icon-72.png"; sourceTree = "<group>"; };
		8AA4AD2115F8DED80006019C /* Default~iphone.png */ = {isa = PBXFileReference; lastKnownFileType = image.png; name = "Default~iphone.png"; path = "Resources/splash/Default~iphone.png"; sourceTree = "<group>"; };
		8AA4AD2315F8DED80006019C /* Default@2x~iphone.png */ = {isa = PBXFileReference; lastKnownFileType = image.png; name = "Default@2x~iphone.png"; path = "Resources/splash/Default@2x~iphone.png"; sourceTree = "<group>"; };
		8AA4AD2515F8DED90006019C /* Capture.bundle */ = {isa = PBXFileReference; lastKnownFileType = "wrapper.plug-in"; name = Capture.bundle; path = Resources/Capture.bundle; sourceTree = "<group>"; };
		8AA4AD2715F8DED90006019C /* Cordova.plist */ = {isa = PBXFileReference; lastKnownFileType = text.plist.xml; path = Cordova.plist; sourceTree = "<group>"; };
		8AA4AD2A15F8DED90006019C /* AppDelegate.h */ = {isa = PBXFileReference; lastKnownFileType = sourcecode.c.h; name = AppDelegate.h; path = Classes/AppDelegate.h; sourceTree = "<group>"; };
		8AA4AD2B15F8DED90006019C /* AppDelegate.m */ = {isa = PBXFileReference; lastKnownFileType = sourcecode.c.objc; name = AppDelegate.m; path = Classes/AppDelegate.m; sourceTree = "<group>"; };
		8AA4AD2D15F8DED90006019C /* MainViewController.h */ = {isa = PBXFileReference; lastKnownFileType = sourcecode.c.h; name = MainViewController.h; path = Classes/MainViewController.h; sourceTree = "<group>"; };
		8AA4AD2E15F8DED90006019C /* MainViewController.m */ = {isa = PBXFileReference; lastKnownFileType = sourcecode.c.objc; name = MainViewController.m; path = Classes/MainViewController.m; sourceTree = "<group>"; };
		8AA4AD3015F8DED90006019C /* MainViewController.xib */ = {isa = PBXFileReference; lastKnownFileType = file.xib; name = MainViewController.xib; path = Classes/MainViewController.xib; sourceTree = "<group>"; };
		8AA4AD3315F8DED90006019C /* README */ = {isa = PBXFileReference; lastKnownFileType = text; name = README; path = Plugins/README; sourceTree = "<group>"; };
		8AA4AD3415F8DED90006019C /* verify.sh */ = {isa = PBXFileReference; lastKnownFileType = text.script.sh; path = verify.sh; sourceTree = "<group>"; };
		8AA4AD3A15F8DF100006019C /* www */ = {isa = PBXFileReference; lastKnownFileType = folder; path = www; sourceTree = "<group>"; };
		8AA4AD3C15F8DF800006019C /* DelegatePlugin.h */ = {isa = PBXFileReference; fileEncoding = 4; lastKnownFileType = sourcecode.c.h; path = DelegatePlugin.h; sourceTree = "<group>"; };
		8AA4AD3D15F8DF800006019C /* DelegatePlugin.m */ = {isa = PBXFileReference; fileEncoding = 4; lastKnownFileType = sourcecode.c.objc; path = DelegatePlugin.m; sourceTree = "<group>"; };
		8ABD2B50160B0EB4008E28EC /* ContentXMLParserDelegate.h */ = {isa = PBXFileReference; fileEncoding = 4; lastKnownFileType = sourcecode.c.h; path = ContentXMLParserDelegate.h; sourceTree = "<group>"; };
		8ABD2B51160B0EB4008E28EC /* ContentXMLParserDelegate.m */ = {isa = PBXFileReference; fileEncoding = 4; lastKnownFileType = sourcecode.c.objc; path = ContentXMLParserDelegate.m; sourceTree = "<group>"; };
		8ABD2B53160B0EB4008E28EC /* crypt.h */ = {isa = PBXFileReference; fileEncoding = 4; lastKnownFileType = sourcecode.c.h; path = crypt.h; sourceTree = "<group>"; };
		8ABD2B54160B0EB4008E28EC /* ioapi.c */ = {isa = PBXFileReference; fileEncoding = 4; lastKnownFileType = sourcecode.c.c; path = ioapi.c; sourceTree = "<group>"; };
		8ABD2B55160B0EB4008E28EC /* ioapi.h */ = {isa = PBXFileReference; fileEncoding = 4; lastKnownFileType = sourcecode.c.h; path = ioapi.h; sourceTree = "<group>"; };
		8ABD2B56160B0EB4008E28EC /* mztools.c */ = {isa = PBXFileReference; fileEncoding = 4; lastKnownFileType = sourcecode.c.c; path = mztools.c; sourceTree = "<group>"; };
		8ABD2B57160B0EB4008E28EC /* mztools.h */ = {isa = PBXFileReference; fileEncoding = 4; lastKnownFileType = sourcecode.c.h; path = mztools.h; sourceTree = "<group>"; };
		8ABD2B58160B0EB4008E28EC /* unzip.c */ = {isa = PBXFileReference; fileEncoding = 4; lastKnownFileType = sourcecode.c.c; path = unzip.c; sourceTree = "<group>"; };
		8ABD2B59160B0EB4008E28EC /* unzip.h */ = {isa = PBXFileReference; fileEncoding = 4; lastKnownFileType = sourcecode.c.h; path = unzip.h; sourceTree = "<group>"; };
		8ABD2B5A160B0EB4008E28EC /* zip.c */ = {isa = PBXFileReference; fileEncoding = 4; lastKnownFileType = sourcecode.c.c; path = zip.c; sourceTree = "<group>"; };
		8ABD2B5B160B0EB4008E28EC /* zip.h */ = {isa = PBXFileReference; fileEncoding = 4; lastKnownFileType = sourcecode.c.h; path = zip.h; sourceTree = "<group>"; };
		8ABD2B5C160B0EB4008E28EC /* RequestParser.h */ = {isa = PBXFileReference; fileEncoding = 4; lastKnownFileType = sourcecode.c.h; path = RequestParser.h; sourceTree = "<group>"; };
		8ABD2B5D160B0EB4008E28EC /* RequestParser.m */ = {isa = PBXFileReference; fileEncoding = 4; lastKnownFileType = sourcecode.c.objc; path = RequestParser.m; sourceTree = "<group>"; };
		8ABD2B5E160B0EB4008E28EC /* ZipArchive.h */ = {isa = PBXFileReference; fileEncoding = 4; lastKnownFileType = sourcecode.c.h; path = ZipArchive.h; sourceTree = "<group>"; };
		8ABD2B5F160B0EB4008E28EC /* ZipArchive.mm */ = {isa = PBXFileReference; fileEncoding = 4; lastKnownFileType = sourcecode.cpp.objcpp; path = ZipArchive.mm; sourceTree = "<group>"; };
		8ABD2B73160B104D008E28EC /* libz.1.2.5.dylib */ = {isa = PBXFileReference; lastKnownFileType = "compiled.mach-o.dylib"; name = libz.1.2.5.dylib; path = usr/lib/libz.1.2.5.dylib; sourceTree = SDKROOT; };
		8AF4A7B016101EB500761489 /* PersistenceAction.h */ = {isa = PBXFileReference; fileEncoding = 4; lastKnownFileType = sourcecode.c.h; path = PersistenceAction.h; sourceTree = "<group>"; };
		8AF4A7B116101EB500761489 /* PersistenceAction.m */ = {isa = PBXFileReference; fileEncoding = 4; lastKnownFileType = sourcecode.c.objc; path = PersistenceAction.m; sourceTree = "<group>"; };
		8AF4A7B4161057D300761489 /* TTSUtil.h */ = {isa = PBXFileReference; fileEncoding = 4; lastKnownFileType = sourcecode.c.h; path = TTSUtil.h; sourceTree = "<group>"; };
		8AF4A7B5161057D300761489 /* TTSUtil.m */ = {isa = PBXFileReference; fileEncoding = 4; lastKnownFileType = sourcecode.c.objc; path = TTSUtil.m; sourceTree = "<group>"; };
/* End PBXFileReference section */

/* Begin PBXFrameworksBuildPhase section */
		8AA4ACD915F8DED80006019C /* Frameworks */ = {
			isa = PBXFrameworksBuildPhase;
			buildActionMask = 2147483647;
			files = (
				8ABD2B74160B104D008E28EC /* libz.1.2.5.dylib in Frameworks */,
				8AA4ACE415F8DED80006019C /* Foundation.framework in Frameworks */,
				8AA4ACE615F8DED80006019C /* UIKit.framework in Frameworks */,
				8AA4ACE815F8DED80006019C /* CoreGraphics.framework in Frameworks */,
				8AA4ACEA15F8DED80006019C /* AddressBook.framework in Frameworks */,
				8AA4ACEC15F8DED80006019C /* AddressBookUI.framework in Frameworks */,
				8AA4ACEE15F8DED80006019C /* AudioToolbox.framework in Frameworks */,
				8AA4ACF015F8DED80006019C /* AVFoundation.framework in Frameworks */,
				8AA4ACF215F8DED80006019C /* CoreLocation.framework in Frameworks */,
				8AA4ACF415F8DED80006019C /* MediaPlayer.framework in Frameworks */,
				8AA4ACF615F8DED80006019C /* QuartzCore.framework in Frameworks */,
				8AA4ACF815F8DED80006019C /* SystemConfiguration.framework in Frameworks */,
				8AA4ACFA15F8DED80006019C /* MobileCoreServices.framework in Frameworks */,
				8AA4ACFC15F8DED80006019C /* CoreMedia.framework in Frameworks */,
				8AA4AD0715F8DED80006019C /* Cordova.framework in Frameworks */,
			);
			runOnlyForDeploymentPostprocessing = 0;
		};
		8AA4ACDC15F8DED80006019C /* Frameworks */ = {
			isa = PBXFrameworksBuildPhase;
			buildActionMask = 2147483647;
			files = (
			);
			runOnlyForDeploymentPostprocessing = 0;
		};
/* End PBXFrameworksBuildPhase section */

/* Begin PBXGroup section */
		8AA4ACD115F8DED80006019C = {
			isa = PBXGroup;
			children = (
				8A7D17B716BBDFFD001CE0DF /* MHE_white_144x144.png */,
				8A7D17B516BBDFF2001CE0DF /* MHE_white_72x72.png */,
				8A1237AB16A008D400EAC6DA /* Default-568h@2x.png */,
				8A55532B164530B000DF0DB3 /* dummy.html */,
				8ABD2B73160B104D008E28EC /* libz.1.2.5.dylib */,
				8AA4AD3A15F8DF100006019C /* www */,
				8AA4ACFD15F8DED80006019C /* OAS IPAD */,
				8AA4ACE215F8DED80006019C /* Frameworks */,
				8AA4ACE015F8DED80006019C /* Products */,
			);
			sourceTree = "<group>";
		};
		8AA4ACE015F8DED80006019C /* Products */ = {
			isa = PBXGroup;
			children = (
				8AA4ACDF15F8DED80006019C /* OAS IN.app */,
			);
			name = Products;
			sourceTree = "<group>";
		};
		8AA4ACE215F8DED80006019C /* Frameworks */ = {
			isa = PBXGroup;
			children = (
				8AA4ACE315F8DED80006019C /* Foundation.framework */,
				8AA4ACE515F8DED80006019C /* UIKit.framework */,
				8AA4ACE715F8DED80006019C /* CoreGraphics.framework */,
				8AA4ACE915F8DED80006019C /* AddressBook.framework */,
				8AA4ACEB15F8DED80006019C /* AddressBookUI.framework */,
				8AA4ACED15F8DED80006019C /* AudioToolbox.framework */,
				8AA4ACEF15F8DED80006019C /* AVFoundation.framework */,
				8AA4ACF115F8DED80006019C /* CoreLocation.framework */,
				8AA4ACF315F8DED80006019C /* MediaPlayer.framework */,
				8AA4ACF515F8DED80006019C /* QuartzCore.framework */,
				8AA4ACF715F8DED80006019C /* SystemConfiguration.framework */,
				8AA4ACF915F8DED80006019C /* MobileCoreServices.framework */,
				8AA4ACFB15F8DED80006019C /* CoreMedia.framework */,
			);
			name = Frameworks;
			sourceTree = "<group>";
		};
		8AA4ACFD15F8DED80006019C /* OAS IPAD */ = {
			isa = PBXGroup;
			children = (
				8AA4AD0615F8DED80006019C /* Cordova.framework */,
				8AA4AD0815F8DED80006019C /* Resources */,
				8AA4AD2915F8DED90006019C /* Classes */,
				8AA4AD3215F8DED90006019C /* Plugins */,
				8AA4ACFE15F8DED80006019C /* Supporting Files */,
			);
			path = "OAS IPAD";
			sourceTree = "<group>";
		};
		8AA4ACFE15F8DED80006019C /* Supporting Files */ = {
			isa = PBXGroup;
			children = (
				8AA4ACFF15F8DED80006019C /* OAS IPAD-Info.plist */,
				8AA4AD0015F8DED80006019C /* InfoPlist.strings */,
				8AA4AD0315F8DED80006019C /* main.m */,
				8AA4AD0515F8DED80006019C /* OAS IPAD-Prefix.pch */,
				8AA4AD2715F8DED90006019C /* Cordova.plist */,
				8AA4AD3015F8DED90006019C /* MainViewController.xib */,
				8AA4AD3415F8DED90006019C /* verify.sh */,
			);
			name = "Supporting Files";
			sourceTree = "<group>";
		};
		8AA4AD0815F8DED80006019C /* Resources */ = {
			isa = PBXGroup;
			children = (
				8A3497EA16DB681500BD10DF /* Object Bank */,
				8A4B9B5616885E9F008F4B0D /* properties.txt */,
				8AA4AD2515F8DED90006019C /* Capture.bundle */,
				8AA4AD0915F8DED80006019C /* en.lproj */,
				8AA4AD0D15F8DED80006019C /* es.lproj */,
				8AA4AD1115F8DED80006019C /* de.lproj */,
				8AA4AD1515F8DED80006019C /* se.lproj */,
				8AA4AD1915F8DED80006019C /* icons */,
				8AA4AD2015F8DED80006019C /* splash */,
			);
			name = Resources;
			sourceTree = "<group>";
		};
		8AA4AD0915F8DED80006019C /* en.lproj */ = {
			isa = PBXGroup;
			children = (
				8AA4AD0A15F8DED80006019C /* Localizable.strings */,
			);
			name = en.lproj;
			sourceTree = "<group>";
		};
		8AA4AD0D15F8DED80006019C /* es.lproj */ = {
			isa = PBXGroup;
			children = (
				8AA4AD0E15F8DED80006019C /* Localizable.strings */,
			);
			name = es.lproj;
			sourceTree = "<group>";
		};
		8AA4AD1115F8DED80006019C /* de.lproj */ = {
			isa = PBXGroup;
			children = (
				8AA4AD1215F8DED80006019C /* Localizable.strings */,
			);
			name = de.lproj;
			sourceTree = "<group>";
		};
		8AA4AD1515F8DED80006019C /* se.lproj */ = {
			isa = PBXGroup;
			children = (
				8AA4AD1615F8DED80006019C /* Localizable.strings */,
			);
			name = se.lproj;
			sourceTree = "<group>";
		};
		8AA4AD1915F8DED80006019C /* icons */ = {
			isa = PBXGroup;
			children = (
				8AA4AD1C15F8DED80006019C /* icon@2x.png */,
				8AA4AD1A15F8DED80006019C /* icon.png */,
				8AA4AD1E15F8DED80006019C /* icon-72.png */,
			);
			name = icons;
			sourceTree = "<group>";
		};
		8AA4AD2015F8DED80006019C /* splash */ = {
			isa = PBXGroup;
			children = (
				8AA4AD2115F8DED80006019C /* Default~iphone.png */,
				8AA4AD2315F8DED80006019C /* Default@2x~iphone.png */,
			);
			name = splash;
			sourceTree = "<group>";
		};
		8AA4AD2915F8DED90006019C /* Classes */ = {
			isa = PBXGroup;
			children = (
				8AF4A7B016101EB500761489 /* PersistenceAction.h */,
				8AF4A7B116101EB500761489 /* PersistenceAction.m */,
				8A154B4F161ECD9C00204AA1 /* ContentAction.h */,
				8A154B50161ECD9C00204AA1 /* ContentAction.m */,
				8A154B4B161EA59500204AA1 /* RequestHandler.h */,
				8A154B4C161EA59500204AA1 /* RequestHandler.m */,
				8ABD2B50160B0EB4008E28EC /* ContentXMLParserDelegate.h */,
				8ABD2B51160B0EB4008E28EC /* ContentXMLParserDelegate.m */,
				8ABD2B52160B0EB4008E28EC /* minizip */,
				8ABD2B5C160B0EB4008E28EC /* RequestParser.h */,
				8ABD2B5D160B0EB4008E28EC /* RequestParser.m */,
				8ABD2B5E160B0EB4008E28EC /* ZipArchive.h */,
				8ABD2B5F160B0EB4008E28EC /* ZipArchive.mm */,
				8AA4AD3C15F8DF800006019C /* DelegatePlugin.h */,
				8AA4AD3D15F8DF800006019C /* DelegatePlugin.m */,
				8AA4AD2A15F8DED90006019C /* AppDelegate.h */,
				8AA4AD2B15F8DED90006019C /* AppDelegate.m */,
				8AA4AD2D15F8DED90006019C /* MainViewController.h */,
				8AA4AD2E15F8DED90006019C /* MainViewController.m */,
				8A12E21A160C4D7100100DA7 /* LoginResponseParser.h */,
				8A12E21B160C4D7100100DA7 /* LoginResponseParser.m */,
				8A0266F21619B79600E5D7F7 /* ResponseParser.h */,
				8A0266F31619B79600E5D7F7 /* ResponseParser.m */,
				8AF4A7B4161057D300761489 /* TTSUtil.h */,
				8AF4A7B5161057D300761489 /* TTSUtil.m */,
				8A09C81B163D23D800D80629 /* AudioRecorderUtils.h */,
				8A09C81C163D23D800D80629 /* AudioRecorderUtils.m */,
				8A2A9055163E9AB600E392B5 /* MusicPlayerUtil.h */,
				8A2A9056163E9AB600E392B5 /* MusicPlayerUtil.m */,
			);
			name = Classes;
			sourceTree = "<group>";
		};
		8AA4AD3215F8DED90006019C /* Plugins */ = {
			isa = PBXGroup;
			children = (
				8AA4AD3315F8DED90006019C /* README */,
			);
			name = Plugins;
			sourceTree = "<group>";
		};
		8ABD2B52160B0EB4008E28EC /* minizip */ = {
			isa = PBXGroup;
			children = (
				8ABD2B53160B0EB4008E28EC /* crypt.h */,
				8ABD2B54160B0EB4008E28EC /* ioapi.c */,
				8ABD2B55160B0EB4008E28EC /* ioapi.h */,
				8ABD2B56160B0EB4008E28EC /* mztools.c */,
				8ABD2B57160B0EB4008E28EC /* mztools.h */,
				8ABD2B58160B0EB4008E28EC /* unzip.c */,
				8ABD2B59160B0EB4008E28EC /* unzip.h */,
				8ABD2B5A160B0EB4008E28EC /* zip.c */,
				8ABD2B5B160B0EB4008E28EC /* zip.h */,
			);
			path = minizip;
			sourceTree = "<group>";
		};
/* End PBXGroup section */

/* Begin PBXNativeTarget section */
		8AA4ACDE15F8DED80006019C /* OAS IN */ = {
			isa = PBXNativeTarget;
			buildConfigurationList = 8AA4AD3715F8DED90006019C /* Build configuration list for PBXNativeTarget "OAS IN" */;
			buildPhases = (
				8AA4ACD815F8DED80006019C /* Sources */,
				8AA4ACD915F8DED80006019C /* Frameworks */,
				8AA4ACDA15F8DED80006019C /* Resources */,
				8AA4ACDB15F8DED80006019C /* Sources */,
				8AA4ACDC15F8DED80006019C /* Frameworks */,
				8AA4ACDD15F8DED80006019C /* ShellScript */,
			);
			buildRules = (
			);
			dependencies = (
			);
			name = "OAS IN";
			productName = "OAS IPAD";
			productReference = 8AA4ACDF15F8DED80006019C /* OAS IN.app */;
			productType = "com.apple.product-type.application";
		};
/* End PBXNativeTarget section */

/* Begin PBXProject section */
		8AA4ACD315F8DED80006019C /* Project object */ = {
			isa = PBXProject;
			attributes = {
				LastUpgradeCheck = 0450;
				ORGANIZATIONNAME = "mcgrawhill ctb";
			};
			buildConfigurationList = 8AA4ACD615F8DED80006019C /* Build configuration list for PBXProject "OAS IPAD" */;
			compatibilityVersion = "Xcode 3.2";
			developmentRegion = English;
			hasScannedForEncodings = 0;
			knownRegions = (
				en,
				es,
				de,
				se,
			);
			mainGroup = 8AA4ACD115F8DED80006019C;
			productRefGroup = 8AA4ACE015F8DED80006019C /* Products */;
			projectDirPath = "";
			projectRoot = "";
			targets = (
				8AA4ACDE15F8DED80006019C /* OAS IN */,
			);
		};
/* End PBXProject section */

/* Begin PBXResourcesBuildPhase section */
		8AA4ACDA15F8DED80006019C /* Resources */ = {
			isa = PBXResourcesBuildPhase;
			buildActionMask = 2147483647;
			files = (
				8AA4AD0215F8DED80006019C /* InfoPlist.strings in Resources */,
				8AA4AD0C15F8DED80006019C /* Localizable.strings in Resources */,
				8AA4AD1B15F8DED80006019C /* icon.png in Resources */,
				8AA4AD1D15F8DED80006019C /* icon@2x.png in Resources */,
				8AA4AD1F15F8DED80006019C /* icon-72.png in Resources */,
				8AA4AD2615F8DED90006019C /* Capture.bundle in Resources */,
				8AA4AD2815F8DED90006019C /* Cordova.plist in Resources */,
				8AA4AD3115F8DED90006019C /* MainViewController.xib in Resources */,
				8AA4AD3B15F8DF100006019C /* www in Resources */,
				8A55532C164530B000DF0DB3 /* dummy.html in Resources */,
				8A4B9B5716885E9F008F4B0D /* properties.txt in Resources */,
				8A1237AC16A008D400EAC6DA /* Default-568h@2x.png in Resources */,
				8A7D17B616BBDFF2001CE0DF /* MHE_white_72x72.png in Resources */,
				8A7D17B816BBDFFD001CE0DF /* MHE_white_144x144.png in Resources */,
				8A3497EB16DB681500BD10DF /* Object Bank in Resources */,
			);
			runOnlyForDeploymentPostprocessing = 0;
		};
/* End PBXResourcesBuildPhase section */

/* Begin PBXShellScriptBuildPhase section */
		8AA4ACDD15F8DED80006019C /* ShellScript */ = {
			isa = PBXShellScriptBuildPhase;
			buildActionMask = 2147483647;
			files = (
			);
			inputPaths = (
			);
			outputPaths = (
			);
			runOnlyForDeploymentPostprocessing = 0;
			shellPath = /bin/bash;
			shellScript = "\n\t\t\t\t\t\t\t\tchmod 755 \"$PROJECT_DIR/$PROJECT_NAME/verify.sh\"\n\t\t\t\t\t\t\t\t\"$PROJECT_DIR/$PROJECT_NAME/verify.sh\"\n\t\t\t\t\t";
		};
/* End PBXShellScriptBuildPhase section */

/* Begin PBXSourcesBuildPhase section */
		8AA4ACD815F8DED80006019C /* Sources */ = {
			isa = PBXSourcesBuildPhase;
			buildActionMask = 2147483647;
			files = (
				8AA4AD0415F8DED80006019C /* main.m in Sources */,
				8AA4AD2C15F8DED90006019C /* AppDelegate.m in Sources */,
				8AA4AD2F15F8DED90006019C /* MainViewController.m in Sources */,
				8AA4AD4015F8DF800006019C /* DelegatePlugin.m in Sources */,
				8ABD2B61160B0EB4008E28EC /* ContentXMLParserDelegate.m in Sources */,
				8ABD2B62160B0EB4008E28EC /* ioapi.c in Sources */,
				8ABD2B63160B0EB4008E28EC /* mztools.c in Sources */,
				8ABD2B64160B0EB4008E28EC /* unzip.c in Sources */,
				8ABD2B65160B0EB4008E28EC /* zip.c in Sources */,
				8ABD2B66160B0EB4008E28EC /* RequestParser.m in Sources */,
				8ABD2B67160B0EB4008E28EC /* ZipArchive.mm in Sources */,
				8A12E21C160C4D7100100DA7 /* LoginResponseParser.m in Sources */,
				8AF4A7B216101EB500761489 /* PersistenceAction.m in Sources */,
				8AF4A7B6161057D300761489 /* TTSUtil.m in Sources */,
				8A0266F41619B79600E5D7F7 /* ResponseParser.m in Sources */,
				8A154B4D161EA59500204AA1 /* RequestHandler.m in Sources */,
				8A154B51161ECD9C00204AA1 /* ContentAction.m in Sources */,
				8A09C81D163D23D800D80629 /* AudioRecorderUtils.m in Sources */,
				8A2A9057163E9AB600E392B5 /* MusicPlayerUtil.m in Sources */,
			);
			runOnlyForDeploymentPostprocessing = 0;
		};
		8AA4ACDB15F8DED80006019C /* Sources */ = {
			isa = PBXSourcesBuildPhase;
			buildActionMask = 2147483647;
			files = (
			);
			runOnlyForDeploymentPostprocessing = 0;
		};
/* End PBXSourcesBuildPhase section */

/* Begin PBXVariantGroup section */
		8AA4AD0015F8DED80006019C /* InfoPlist.strings */ = {
			isa = PBXVariantGroup;
			children = (
				8AA4AD0115F8DED80006019C /* en */,
			);
			name = InfoPlist.strings;
			sourceTree = "<group>";
		};
		8AA4AD0A15F8DED80006019C /* Localizable.strings */ = {
			isa = PBXVariantGroup;
			children = (
				8AA4AD0B15F8DED80006019C /* en */,
			);
			name = Localizable.strings;
			sourceTree = "<group>";
		};
		8AA4AD0E15F8DED80006019C /* Localizable.strings */ = {
			isa = PBXVariantGroup;
			children = (
				8AA4AD0F15F8DED80006019C /* es */,
			);
			name = Localizable.strings;
			sourceTree = "<group>";
		};
		8AA4AD1215F8DED80006019C /* Localizable.strings */ = {
			isa = PBXVariantGroup;
			children = (
				8AA4AD1315F8DED80006019C /* de */,
			);
			name = Localizable.strings;
			sourceTree = "<group>";
		};
		8AA4AD1615F8DED80006019C /* Localizable.strings */ = {
			isa = PBXVariantGroup;
			children = (
				8AA4AD1715F8DED80006019C /* se */,
			);
			name = Localizable.strings;
			sourceTree = "<group>";
		};
/* End PBXVariantGroup section */

/* Begin XCBuildConfiguration section */
		8AA4AD3515F8DED90006019C /* Debug */ = {
			isa = XCBuildConfiguration;
			buildSettings = {
				ALWAYS_SEARCH_USER_PATHS = NO;
				ARCHS = (
					armv6,
					"$(ARCHS_STANDARD_32_BIT)",
				);
				CLANG_CXX_LANGUAGE_STANDARD = "gnu++0x";
				CLANG_WARN__DUPLICATE_METHOD_MATCH = YES;
				CODE_SIGN_IDENTITY = "iPhone Developer: Kwabena Addison-Amponsah (GB4UKT7855)";
				"CODE_SIGN_IDENTITY[sdk=iphoneos*]" = "iPhone Developer: Kwabena Addison-Amponsah (GB4UKT7855)";
				COPY_PHASE_STRIP = NO;
				GCC_C_LANGUAGE_STANDARD = gnu99;
				GCC_DYNAMIC_NO_PIC = NO;
				GCC_OPTIMIZATION_LEVEL = 0;
				GCC_PREPROCESSOR_DEFINITIONS = (
					"DEBUG=1",
					"$(inherited)",
				);
				GCC_SYMBOLS_PRIVATE_EXTERN = NO;
				GCC_THUMB_SUPPORT = NO;
				GCC_VERSION = com.apple.compilers.llvm.clang.1_0;
				GCC_WARN_ABOUT_RETURN_TYPE = YES;
				GCC_WARN_UNINITIALIZED_AUTOS = YES;
				GCC_WARN_UNUSED_VARIABLE = YES;
				IPHONEOS_DEPLOYMENT_TARGET = 6.0;
				PROVISIONING_PROFILE = "3DE2D996-2B1C-495C-9CCB-F22FB798221B";
				"PROVISIONING_PROFILE[sdk=iphoneos*]" = "3DE2D996-2B1C-495C-9CCB-F22FB798221B";
				SDKROOT = iphoneos;
			};
			name = Debug;
		};
		8AA4AD3615F8DED90006019C /* Release */ = {
			isa = XCBuildConfiguration;
			buildSettings = {
				ALWAYS_SEARCH_USER_PATHS = NO;
				ARCHS = (
					armv6,
					"$(ARCHS_STANDARD_32_BIT)",
				);
				CLANG_CXX_LANGUAGE_STANDARD = "gnu++0x";
				CLANG_WARN__DUPLICATE_METHOD_MATCH = YES;
				CODE_SIGN_IDENTITY = "iPhone Distribution: Ctb/Mcgraw-Hill LLC";
				"CODE_SIGN_IDENTITY[sdk=iphoneos*]" = "iPhone Distribution: Ctb/Mcgraw-Hill LLC";
				COPY_PHASE_STRIP = YES;
				GCC_C_LANGUAGE_STANDARD = gnu99;
				GCC_THUMB_SUPPORT = NO;
				GCC_VERSION = com.apple.compilers.llvm.clang.1_0;
				GCC_WARN_ABOUT_RETURN_TYPE = YES;
				GCC_WARN_UNINITIALIZED_AUTOS = YES;
				GCC_WARN_UNUSED_VARIABLE = YES;
				IPHONEOS_DEPLOYMENT_TARGET = 6.0;
				PROVISIONING_PROFILE = "9AF67341-0D0E-4587-969A-311B0149D998";
				"PROVISIONING_PROFILE[sdk=iphoneos*]" = "9AF67341-0D0E-4587-969A-311B0149D998";
				SDKROOT = iphoneos;
				VALIDATE_PRODUCT = YES;
			};
			name = Release;
		};
		8AA4AD3815F8DED90006019C /* Debug */ = {
			isa = XCBuildConfiguration;
			buildSettings = {
				ALWAYS_SEARCH_USER_PATHS = YES;
				CLANG_ENABLE_OBJC_ARC = YES;
				CODE_SIGN_IDENTITY = "iPhone Developer: Kwabena Addison-Amponsah (GB4UKT7855)";
				"CODE_SIGN_IDENTITY[sdk=iphoneos*]" = "iPhone Developer: Kwabena Addison-Amponsah (GB4UKT7855)";
				COPY_PHASE_STRIP = NO;
				FRAMEWORK_SEARCH_PATHS = /Users/Shared/Cordova/Frameworks;
				GCC_DYNAMIC_NO_PIC = NO;
				GCC_PRECOMPILE_PREFIX_HEADER = YES;
				GCC_PREFIX_HEADER = "OAS IPAD/OAS IPAD-Prefix.pch";
				GCC_PREPROCESSOR_DEFINITIONS = (
					"DEBUG=1,",
					"CORDOVA_FRAMEWORK=1",
				);
				GCC_THUMB_SUPPORT = NO;
				INFOPLIST_FILE = "OAS IPAD/OAS IPAD-Info.plist";
				ONLY_ACTIVE_ARCH = YES;
				OTHER_LDFLAGS = (
					"-weak_framework",
					UIKit,
					"-weak_framework",
					AVFoundation,
					"-weak_framework",
					CoreMedia,
					"-weak-lSystem",
				);
				PRODUCT_NAME = "$(TARGET_NAME)";
				PROVISIONING_PROFILE = "3DE2D996-2B1C-495C-9CCB-F22FB798221B";
				"PROVISIONING_PROFILE[sdk=iphoneos*]" = "3DE2D996-2B1C-495C-9CCB-F22FB798221B";
				TARGETED_DEVICE_FAMILY = "1,2";
				WRAPPER_EXTENSION = app;
			};
			name = Debug;
		};
		8AA4AD3915F8DED90006019C /* Release */ = {
			isa = XCBuildConfiguration;
			buildSettings = {
				ALWAYS_SEARCH_USER_PATHS = YES;
				CLANG_ENABLE_OBJC_ARC = YES;
				CODE_SIGN_IDENTITY = "iPhone Distribution: Ctb/Mcgraw-Hill LLC";
				"CODE_SIGN_IDENTITY[sdk=iphoneos*]" = "iPhone Distribution: Ctb/Mcgraw-Hill LLC";
				COPY_PHASE_STRIP = YES;
				DEBUG_INFORMATION_FORMAT = "dwarf-with-dsym";
				FRAMEWORK_SEARCH_PATHS = /Users/Shared/Cordova/Frameworks;
				GCC_PRECOMPILE_PREFIX_HEADER = YES;
				GCC_PREFIX_HEADER = "OAS IPAD/OAS IPAD-Prefix.pch";
				GCC_PREPROCESSOR_DEFINITIONS = (
					"NDEBUG=1,",
					"CORDOVA_FRAMEWORK=1",
				);
				GCC_THUMB_SUPPORT = NO;
				INFOPLIST_FILE = "OAS IPAD/OAS IPAD-Info.plist";
				ONLY_ACTIVE_ARCH = YES;
				OTHER_LDFLAGS = (
					"-weak_framework",
					UIKit,
					"-weak_framework",
					AVFoundation,
					"-weak_framework",
					CoreMedia,
					"-weak-lSystem",
				);
				PRODUCT_NAME = "$(TARGET_NAME)";
				PROVISIONING_PROFILE = "9AF67341-0D0E-4587-969A-311B0149D998";
				"PROVISIONING_PROFILE[sdk=iphoneos*]" = "9AF67341-0D0E-4587-969A-311B0149D998";
				TARGETED_DEVICE_FAMILY = "1,2";
				VALIDATE_PRODUCT = YES;
				WRAPPER_EXTENSION = app;
			};
			name = Release;
		};
/* End XCBuildConfiguration section */

/* Begin XCConfigurationList section */
		8AA4ACD615F8DED80006019C /* Build configuration list for PBXProject "OAS IPAD" */ = {
			isa = XCConfigurationList;
			buildConfigurations = (
				8AA4AD3515F8DED90006019C /* Debug */,
				8AA4AD3615F8DED90006019C /* Release */,
			);
			defaultConfigurationIsVisible = 0;
			defaultConfigurationName = Release;
		};
		8AA4AD3715F8DED90006019C /* Build configuration list for PBXNativeTarget "OAS IN" */ = {
			isa = XCConfigurationList;
			buildConfigurations = (
				8AA4AD3815F8DED90006019C /* Debug */,
				8AA4AD3915F8DED90006019C /* Release */,
			);
			defaultConfigurationIsVisible = 0;
			defaultConfigurationName = Release;
		};
/* End XCConfigurationList section */
	};
	rootObject = 8AA4ACD315F8DED80006019C /* Project object */;
}
